{
  "originHash" : "f39fdf9fee52ae481f1d4f42d6a75e88634a0b34515f03eacf6f88f82d4c5000",
  "pins" : [
    {
      "identity" : "remo-spm",
      "kind" : "remoteSourceControl",
      "location" : "https://github.com/yjmeqt/remo-spm.git",
      "state" : {
        "revision" : "4f1d1d5721937ddd7ec9dede1ff3a0448e4463fa",
        "version" : "0.4.0"
      }
    }
  ],
  "version" : 3
}
